
Microsoft Visual Studio Solution File, Format Version 12.00
# Visual Studio 2015
Project("{FAE04EC0-301F-11D3-BF4B-00C04F79EFBC}") = "ArcheHunt-543e77a10b2763f60fbd6106b5e4dfca4199aade", "ArcheHunt-543e77a10b2763f60fbd6106b5e4dfca4199aade.csproj", "{1472E15A-86CD-757D-1ABC-606E99C3B241}"
EndProject
Global
	GlobalSection(SolutionConfigurationPlatforms) = preSolution
		Debug|Any CPU = Debug|Any CPU
		Release|Any CPU = Release|Any CPU
	EndGlobalSection
	GlobalSection(ProjectConfigurationPlatforms) = postSolution
		{1472E15A-86CD-757D-1ABC-606E99C3B241}.Debug|Any CPU.ActiveCfg = Debug|Any CPU
		{1472E15A-86CD-757D-1ABC-606E99C3B241}.Debug|Any CPU.Build.0 = Debug|Any CPU
		{1472E15A-86CD-757D-1ABC-606E99C3B241}.Release|Any CPU.ActiveCfg = Release|Any CPU
		{1472E15A-86CD-757D-1ABC-606E99C3B241}.Release|Any CPU.Build.0 = Release|Any CPU
	EndGlobalSection
	GlobalSection(SolutionProperties) = preSolution
		HideSolutionNode = FALSE
	EndGlobalSection
EndGlobal
